
Microsoft Visual Studio Solution File, Format Version 12.00
# Visual Studio Version 16
VisualStudioVersion = 25.0.1706.4
MinimumVisualStudioVersion = 10.0.40219.1
Project("{FAE04EC0-301F-11D3-BF4B-00C04F79EFBC}") = "SDK-e-learning", "SDK-e-learning.csproj", "{44BA6F70-E394-401A-8EA5-E423D1FA9043}"
EndProject
Global
	GlobalSection(SolutionConfigurationPlatforms) = preSolution
		Debug|Any CPU = Debug|Any CPU
		Release|Any CPU = Release|Any CPU
	EndGlobalSection
	GlobalSection(ProjectConfigurationPlatforms) = postSolution
		{44BA6F70-E394-401A-8EA5-E423D1FA9043}.Debug|Any CPU.ActiveCfg = Debug|Any CPU
		{44BA6F70-E394-401A-8EA5-E423D1FA9043}.Debug|Any CPU.Build.0 = Debug|Any CPU
		{44BA6F70-E394-401A-8EA5-E423D1FA9043}.Release|Any CPU.ActiveCfg = Release|Any CPU
		{44BA6F70-E394-401A-8EA5-E423D1FA9043}.Release|Any CPU.Build.0 = Release|Any CPU
	EndGlobalSection
	GlobalSection(SolutionProperties) = preSolution
		HideSolutionNode = FALSE
	EndGlobalSection
	GlobalSection(ExtensibilityGlobals) = postSolution
		SolutionGuid = {4181EE9B-0B19-4A3C-909B-C4743C549720}
	EndGlobalSection
EndGlobal
