
Microsoft Visual Studio Solution File, Format Version 12.00
# Visual Studio Version 16
VisualStudioVersion = 25.0.1705.6
MinimumVisualStudioVersion = 10.0.40219.1
Project("{FAE04EC0-301F-11D3-BF4B-00C04F79EFBC}") = "MyFirstCRUD", "MyFirstCRUD.csproj", "{18EE0342-EA4A-4AED-9470-BC3A48B4E011}"
EndProject
Global
	GlobalSection(SolutionConfigurationPlatforms) = preSolution
		Debug|Any CPU = Debug|Any CPU
		Release|Any CPU = Release|Any CPU
	EndGlobalSection
	GlobalSection(ProjectConfigurationPlatforms) = postSolution
		{18EE0342-EA4A-4AED-9470-BC3A48B4E011}.Debug|Any CPU.ActiveCfg = Debug|Any CPU
		{18EE0342-EA4A-4AED-9470-BC3A48B4E011}.Debug|Any CPU.Build.0 = Debug|Any CPU
		{18EE0342-EA4A-4AED-9470-BC3A48B4E011}.Release|Any CPU.ActiveCfg = Release|Any CPU
		{18EE0342-EA4A-4AED-9470-BC3A48B4E011}.Release|Any CPU.Build.0 = Release|Any CPU
	EndGlobalSection
	GlobalSection(SolutionProperties) = preSolution
		HideSolutionNode = FALSE
	EndGlobalSection
	GlobalSection(ExtensibilityGlobals) = postSolution
		SolutionGuid = {3396CD18-01F4-4483-AFF1-6ED68FE19287}
	EndGlobalSection
EndGlobal
